
Microsoft Visual Studio Solution File, Format Version 12.00
# Visual Studio Version 17
VisualStudioVersion = 17.1.32319.34
MinimumVisualStudioVersion = 10.0.40219.1
Project("{FAE04EC0-301F-11D3-BF4B-00C04F79EFBC}") = "MaintenanceApp_ASP_Forms", "MaintenanceApp_ASP_Forms\MaintenanceApp_ASP_Forms.csproj", "{1182A74C-8B24-4F0E-B731-8F32D370272A}"
EndProject
Global
	GlobalSection(SolutionConfigurationPlatforms) = preSolution
		Debug|Any CPU = Debug|Any CPU
		Release|Any CPU = Release|Any CPU
	EndGlobalSection
	GlobalSection(ProjectConfigurationPlatforms) = postSolution
		{1182A74C-8B24-4F0E-B731-8F32D370272A}.Debug|Any CPU.ActiveCfg = Debug|Any CPU
		{1182A74C-8B24-4F0E-B731-8F32D370272A}.Debug|Any CPU.Build.0 = Debug|Any CPU
		{1182A74C-8B24-4F0E-B731-8F32D370272A}.Release|Any CPU.ActiveCfg = Release|Any CPU
		{1182A74C-8B24-4F0E-B731-8F32D370272A}.Release|Any CPU.Build.0 = Release|Any CPU
	EndGlobalSection
	GlobalSection(SolutionProperties) = preSolution
		HideSolutionNode = FALSE
	EndGlobalSection
	GlobalSection(ExtensibilityGlobals) = postSolution
		SolutionGuid = {55C7AD9C-5EA2-47BD-BE19-A0D609E62A4F}
	EndGlobalSection
EndGlobal
